{
  "name": "@hwsc/hwsc-api-blocks",
  "version": "0.0.4",
  "lockfileVersion": 1,
  "requires": true,
  "dependencies": {
    "google-protobuf": {
      "version": "3.9.0",
      "resolved": "https://registry.npmjs.org/google-protobuf/-/google-protobuf-3.9.0.tgz",
      "integrity": "sha512-/t/7NvL9jAmfXLdqJG7Nv2c5Z2GTdZSKi/T6kI3hpIS4yA6rXqBAMF4Yx39xbICWDgRv+R+Z79n7ZxuvoUQU4w=="
    },
    "grpc-web": {
      "version": "1.0.5",
      "resolved": "https://registry.npmjs.org/grpc-web/-/grpc-web-1.0.5.tgz",
      "integrity": "sha512-d1+0OMqxNfW/ljtcIu/rKYyxrO7uy2A1FV4FQVAh3NXNPvpda/snsSv2+j1Yzko6sDLW7Ii5tKCgzPupVQtXUg=="
    }
  }
}
